<?xml version="1.0" encoding="utf-8"?>
<Project ToolsVersion="4.0" xmlns="http://schemas.microsoft.com/developer/msbuild/2003">
  <ItemGroup>
    <Filter Include="Fichiers sources">
      <UniqueIdentifier>{4FC737F1-C7A5-4376-A066-2A32D752A2FF}</UniqueIdentifier>
      <Extensions>cpp;c;cc;cxx;def;odl;idl;hpj;bat;asm;asmx</Extensions>
    </Filter>
    <Filter Include="Fichiers d%27en-tête">
      <UniqueIdentifier>{93995380-89BD-4b04-88EB-625FBE52EBFB}</UniqueIdentifier>
      <Extensions>h;hh;hpp;hxx;hm;inl;inc;ipp;xsd</Extensions>
    </Filter>
    <Filter Include="Fichiers de ressources">
      <UniqueIdentifier>{67DA6AB6-F800-4c08-8B7A-83BB121AAD01}</UniqueIdentifier>
      <Extensions>rc;ico;cur;bmp;dlg;rc2;rct;bin;rgs;gif;jpg;jpeg;jpe;resx;tiff;tif;png;wav;mfcribbon-ms</Extensions>
    </Filter>
    <Filter Include="Fichiers d%27en-tête\Maths">
      <UniqueIdentifier>{6bc15193-8b6b-44c5-ae50-a245f6eaef36}</UniqueIdentifier>
    </Filter>
    <Filter Include="Fichiers d%27en-tête\Exceptions">
      <UniqueIdentifier>{bb0a8ea9-4a84-4b0c-858d-52991908f099}</UniqueIdentifier>
    </Filter>
    <Filter Include="Fichiers d%27en-tête\Experts">
      <UniqueIdentifier>{c51ad188-700e-440c-aaef-6ec6cc1fd4e0}</UniqueIdentifier>
    </Filter>
    <Filter Include="Fichiers d%27en-tête\Experts\Évènements">
      <UniqueIdentifier>{c98d489f-f41b-494e-b4a7-eead7c523ac1}</UniqueIdentifier>
    </Filter>
    <Filter Include="Fichiers d%27en-tête\Experts\Évènements\Fermeture">
      <UniqueIdentifier>{759df571-7b74-4ae6-a9f1-1ef222bc6745}</UniqueIdentifier>
    </Filter>
    <Filter Include="Fichiers d%27en-tête\Experts\Évènements\Redimension">
      <UniqueIdentifier>{414397b5-8a88-4d74-ad87-6185f2ac4927}</UniqueIdentifier>
    </Filter>
    <Filter Include="Fichiers d%27en-tête\Experts\Évènements\Touches">
      <UniqueIdentifier>{f7bd259a-d3eb-4b02-acac-1beceb7acc15}</UniqueIdentifier>
    </Filter>
    <Filter Include="Fichiers d%27en-tête\Ecran">
      <UniqueIdentifier>{d9afaf9a-6735-466e-b5e9-334171ac5975}</UniqueIdentifier>
    </Filter>
    <Filter Include="Fichiers d%27en-tête\Ecran\Fenetre">
      <UniqueIdentifier>{bd2043ad-532c-4d7f-b3dc-f206dcd5c79d}</UniqueIdentifier>
    </Filter>
    <Filter Include="Fichiers d%27en-tête\Ecran\Formes">
      <UniqueIdentifier>{c601c01f-1b57-48c1-9d88-90264d595834}</UniqueIdentifier>
    </Filter>
    <Filter Include="Fichiers sources\Experts">
      <UniqueIdentifier>{c4d40bed-446c-46f0-855c-bf3ecd667728}</UniqueIdentifier>
    </Filter>
    <Filter Include="Fichiers sources\Ecran">
      <UniqueIdentifier>{e0058c4d-2bd7-4133-9ae0-06f6cba5ee48}</UniqueIdentifier>
    </Filter>
    <Filter Include="Fichiers sources\Experts\Évènements">
      <UniqueIdentifier>{ccd2b717-b221-420e-9d7a-d002c3079b7d}</UniqueIdentifier>
    </Filter>
    <Filter Include="Fichiers sources\Experts\Évènements\Fermeture">
      <UniqueIdentifier>{c74377cb-bdd3-4b6c-b556-e37ea5d8cfa6}</UniqueIdentifier>
    </Filter>
    <Filter Include="Fichiers sources\Experts\Évènements\Redimension">
      <UniqueIdentifier>{e8b3de5b-a97a-4950-a40a-818320aa5080}</UniqueIdentifier>
    </Filter>
    <Filter Include="Fichiers sources\Experts\Évènements\Touches">
      <UniqueIdentifier>{674ccac4-4377-48fd-b5f7-b8bdee6f7578}</UniqueIdentifier>
    </Filter>
    <Filter Include="Fichiers sources\Ecran\Fenetre">
      <UniqueIdentifier>{70fcfe21-4df7-4df9-a99c-d49b14978f69}</UniqueIdentifier>
    </Filter>
    <Filter Include="Fichiers sources\Ecran\Formes">
      <UniqueIdentifier>{804b55c2-bd66-46e9-826c-1b7debb64cc1}</UniqueIdentifier>
    </Filter>
    <Filter Include="Fichiers d%27en-tête\Experts\Évènements\Touches\Déplacement">
      <UniqueIdentifier>{9003e1d6-38e4-47d7-915e-63afa3534127}</UniqueIdentifier>
    </Filter>
    <Filter Include="Fichiers sources\Experts\Évènements\Touches\Déplacement">
      <UniqueIdentifier>{88fa623f-70a3-4a15-9a9b-15bdecfa783f}</UniqueIdentifier>
    </Filter>
    <Filter Include="Fichiers sources\Experts\Évènements\Touches\Femeture">
      <UniqueIdentifier>{b49e2540-3075-4871-92c9-2ca84a406348}</UniqueIdentifier>
    </Filter>
    <Filter Include="Fichiers d%27en-tête\Experts\Évènements\Touches\Fermeture">
      <UniqueIdentifier>{3ed7fa88-86b6-4110-8353-be4f6aa2002a}</UniqueIdentifier>
    </Filter>
    <Filter Include="Fichiers d%27en-tête\Graphe">
      <UniqueIdentifier>{81afdaa5-febf-4be7-80a3-36ddcd44e7a9}</UniqueIdentifier>
    </Filter>
    <Filter Include="Fichiers sources\Graphe">
      <UniqueIdentifier>{9a99d73c-55c0-42f9-96d3-553beeff1509}</UniqueIdentifier>
    </Filter>
    <Filter Include="Fichiers d%27en-tête\Experts\Chargement">
      <UniqueIdentifier>{f7ee3a60-2509-4f42-a460-a0cc0098abdc}</UniqueIdentifier>
    </Filter>
    <Filter Include="Fichiers sources\Experts\Chargement">
      <UniqueIdentifier>{9be0c31b-61f4-4f12-be19-7230c0dd5318}</UniqueIdentifier>
    </Filter>
    <Filter Include="Fichiers d%27en-tête\Experts\Chargement\Labyrinthe">
      <UniqueIdentifier>{d3b06223-e655-4930-8c11-d925fb9a0e6b}</UniqueIdentifier>
    </Filter>
    <Filter Include="Fichiers sources\Experts\Chargement\Labyrinthe">
      <UniqueIdentifier>{83005400-2b73-47f6-918d-198d8438ebe4}</UniqueIdentifier>
    </Filter>
    <Filter Include="Fichiers sources\Experts\Création">
      <UniqueIdentifier>{5d31b3b5-57cd-4522-a9f8-8e8cd0c1f731}</UniqueIdentifier>
    </Filter>
    <Filter Include="Fichiers d%27en-tête\Experts\Création">
      <UniqueIdentifier>{28138f3c-2976-48c8-90fe-8961a22757a7}</UniqueIdentifier>
    </Filter>
    <Filter Include="Fichiers d%27en-tête\Experts\Création\Sommet">
      <UniqueIdentifier>{9e3c9b3c-6b54-421b-b656-45843fab4659}</UniqueIdentifier>
    </Filter>
    <Filter Include="Fichiers sources\Experts\Création\Sommet">
      <UniqueIdentifier>{0d6d8f9a-0f7f-4a60-b8e3-2fcd175be296}</UniqueIdentifier>
    </Filter>
  </ItemGroup>
  <ItemGroup>
    <ClCompile Include="Main\Main.cpp">
      <Filter>Fichiers sources</Filter>
    </ClCompile>
    <ClCompile Include="Ecran\Fenetre\FenetreEcran.cpp">
      <Filter>Fichiers sources\Ecran\Fenetre</Filter>
    </ClCompile>
    <ClCompile Include="Ecran\Formes\FormeEcran.cpp">
      <Filter>Fichiers sources\Ecran\Formes</Filter>
    </ClCompile>
    <ClCompile Include="Ecran\Formes\Creature.cpp">
      <Filter>Fichiers sources\Ecran\Formes</Filter>
    </ClCompile>
    <ClCompile Include="Experts\Évènements\EvenementCOR.cpp">
      <Filter>Fichiers sources\Experts\Évènements</Filter>
    </ClCompile>
    <ClCompile Include="Experts\Évènements\GestionnaireEvenement.cpp">
      <Filter>Fichiers sources\Experts\Évènements</Filter>
    </ClCompile>
    <ClCompile Include="Experts\Évènements\Fermeture\FermetureCOR.cpp">
      <Filter>Fichiers sources\Experts\Évènements\Fermeture</Filter>
    </ClCompile>
    <ClCompile Include="Experts\Évènements\Redimension\RedimensionCOR.cpp">
      <Filter>Fichiers sources\Experts\Évènements\Redimension</Filter>
    </ClCompile>
    <ClCompile Include="Experts\Évènements\Touches\ToucheCOR.cpp">
      <Filter>Fichiers sources\Experts\Évènements\Touches</Filter>
    </ClCompile>
    <ClCompile Include="Experts\Évènements\Touches\Fermeture\FermetureToucheCOR.cpp">
      <Filter>Fichiers sources\Experts\Évènements\Touches\Femeture</Filter>
    </ClCompile>
    <ClCompile Include="Experts\Évènements\Touches\Déplacement\DeplacementToucheCOR.cpp">
      <Filter>Fichiers sources\Experts\Évènements\Touches\Déplacement</Filter>
    </ClCompile>
    <ClCompile Include="Experts\Chargement\GestionnaireChargement.cpp">
      <Filter>Fichiers sources\Experts\Chargement</Filter>
    </ClCompile>
    <ClCompile Include="Experts\Chargement\ChargeurCOR.cpp">
      <Filter>Fichiers sources\Experts\Chargement</Filter>
    </ClCompile>
    <ClCompile Include="Experts\Chargement\Labyrinthe\ChargeurLabyrintheCOR.cpp">
      <Filter>Fichiers sources\Experts\Chargement</Filter>
    </ClCompile>
    <ClCompile Include="Graphe\Iterateur.cpp">
      <Filter>Fichiers sources\Graphe</Filter>
    </ClCompile>
    <ClCompile Include="Graphe\Liste.cpp">
      <Filter>Fichiers sources\Graphe</Filter>
    </ClCompile>
    <ClCompile Include="Graphe\Sommet.cpp">
      <Filter>Fichiers sources\Graphe</Filter>
    </ClCompile>
    <ClCompile Include="Graphe\AElement.cpp">
      <Filter>Fichiers sources\Graphe</Filter>
    </ClCompile>
    <ClCompile Include="Graphe\Arete.cpp">
      <Filter>Fichiers sources\Graphe</Filter>
    </ClCompile>
    <ClCompile Include="Graphe\GElement.cpp">
      <Filter>Fichiers sources\Graphe</Filter>
    </ClCompile>
    <ClCompile Include="Graphe\Graphe.cpp">
      <Filter>Fichiers sources\Graphe</Filter>
    </ClCompile>
    <ClCompile Include="Experts\Création\GestionnaireCreation.cpp">
      <Filter>Fichiers sources\Experts\Création</Filter>
    </ClCompile>
    <ClCompile Include="Experts\Création\CreationCOR.cpp">
      <Filter>Fichiers sources\Experts\Création</Filter>
    </ClCompile>
    <ClCompile Include="Experts\Création\Sommet\SommetCOR.cpp">
      <Filter>Fichiers sources\Experts\Création\Sommet</Filter>
    </ClCompile>
  </ItemGroup>
  <ItemGroup>
    <ClInclude Include="Ecran\Fenetre\FenetreEcran.h">
      <Filter>Fichiers d%27en-tête\Ecran\Fenetre</Filter>
    </ClInclude>
    <ClInclude Include="Ecran\Formes\FormeEcran.h">
      <Filter>Fichiers d%27en-tête\Ecran\Formes</Filter>
    </ClInclude>
    <ClInclude Include="Ecran\Formes\Creature.h">
      <Filter>Fichiers d%27en-tête\Ecran\Formes</Filter>
    </ClInclude>
    <ClInclude Include="Exceptions\Erreur.h">
      <Filter>Fichiers d%27en-tête\Exceptions</Filter>
    </ClInclude>
    <ClInclude Include="Experts\Évènements\EvenementCOR.h">
      <Filter>Fichiers d%27en-tête\Experts\Évènements</Filter>
    </ClInclude>
    <ClInclude Include="Experts\Évènements\GestionnaireEvenement.h">
      <Filter>Fichiers d%27en-tête\Experts\Évènements</Filter>
    </ClInclude>
    <ClInclude Include="Experts\Évènements\Fermeture\FermetureCOR.h">
      <Filter>Fichiers d%27en-tête\Experts\Évènements\Fermeture</Filter>
    </ClInclude>
    <ClInclude Include="Experts\Évènements\Redimension\RedimensionCOR.h">
      <Filter>Fichiers d%27en-tête\Experts\Évènements\Redimension</Filter>
    </ClInclude>
    <ClInclude Include="Experts\Évènements\Touches\ToucheCOR.h">
      <Filter>Fichiers d%27en-tête\Experts\Évènements\Touches</Filter>
    </ClInclude>
    <ClInclude Include="Experts\Évènements\Touches\Fermeture\FermetureToucheCOR.h">
      <Filter>Fichiers d%27en-tête\Experts\Évènements\Touches\Fermeture</Filter>
    </ClInclude>
    <ClInclude Include="Experts\Évènements\Touches\Déplacement\DeplacementToucheCOR.h">
      <Filter>Fichiers d%27en-tête\Experts\Évènements\Touches\Déplacement</Filter>
    </ClInclude>
    <ClInclude Include="Experts\Chargement\ChargeurCOR.h">
      <Filter>Fichiers d%27en-tête\Experts\Chargement</Filter>
    </ClInclude>
    <ClInclude Include="Experts\Chargement\GestionnaireChargement.h">
      <Filter>Fichiers d%27en-tête\Experts\Chargement</Filter>
    </ClInclude>
    <ClInclude Include="Experts\Chargement\Labyrinthe\ChargeurLabyrintheCOR.h">
      <Filter>Fichiers d%27en-tête\Experts\Chargement\Labyrinthe</Filter>
    </ClInclude>
    <ClInclude Include="Graphe\Iterateur.h">
      <Filter>Fichiers d%27en-tête\Graphe</Filter>
    </ClInclude>
    <ClInclude Include="Graphe\Liste.h">
      <Filter>Fichiers d%27en-tête\Graphe</Filter>
    </ClInclude>
    <ClInclude Include="Graphe\PElement.h">
      <Filter>Fichiers d%27en-tête\Graphe</Filter>
    </ClInclude>
    <ClInclude Include="Graphe\Sommet.h">
      <Filter>Fichiers d%27en-tête\Graphe</Filter>
    </ClInclude>
    <ClInclude Include="Graphe\AElement.h">
      <Filter>Fichiers d%27en-tête\Graphe</Filter>
    </ClInclude>
    <ClInclude Include="Graphe\Arete.h">
      <Filter>Fichiers d%27en-tête\Graphe</Filter>
    </ClInclude>
    <ClInclude Include="Graphe\GElement.h">
      <Filter>Fichiers d%27en-tête\Graphe</Filter>
    </ClInclude>
    <ClInclude Include="Graphe\Graphe.h">
      <Filter>Fichiers d%27en-tête\Graphe</Filter>
    </ClInclude>
    <ClInclude Include="Maths\Reels.h">
      <Filter>Fichiers d%27en-tête\Maths</Filter>
    </ClInclude>
    <ClInclude Include="Maths\TransfoAffine2D.h">
      <Filter>Fichiers d%27en-tête\Maths</Filter>
    </ClInclude>
    <ClInclude Include="Maths\Vecteur2D.h">
      <Filter>Fichiers d%27en-tête\Maths</Filter>
    </ClInclude>
    <ClInclude Include="Maths\AlgebreLineaire.h">
      <Filter>Fichiers d%27en-tête\Maths</Filter>
    </ClInclude>
    <ClInclude Include="Maths\Matrice22.h">
      <Filter>Fichiers d%27en-tête\Maths</Filter>
    </ClInclude>
    <ClInclude Include="Experts\Création\GestionnaireCreation.h">
      <Filter>Fichiers d%27en-tête\Experts\Création</Filter>
    </ClInclude>
    <ClInclude Include="Experts\Création\CreationCOR.h">
      <Filter>Fichiers d%27en-tête\Experts\Création</Filter>
    </ClInclude>
    <ClInclude Include="Experts\Création\Sommet\SommetCOR.h">
      <Filter>Fichiers d%27en-tête\Experts\Création\Sommet</Filter>
    </ClInclude>
  </ItemGroup>
</Project>